<?xml version="1.0" encoding="utf-8"?>
<Project ToolsVersion="4.0" xmlns="http://schemas.microsoft.com/developer/msbuild/2003">
  <ItemGroup>
    <Filter Include="Source Files">
      <UniqueIdentifier>{4FC737F1-C7A5-4376-A066-2A32D752A2FF}</UniqueIdentifier>
      <Extensions>cpp;c;cc;cxx;c++;cppm;ixx;def;odl;idl;hpj;bat;asm;asmx</Extensions>
    </Filter>
    <Filter Include="Header Files">
      <UniqueIdentifier>{93995380-89BD-4b04-88EB-625FBE52EBFB}</UniqueIdentifier>
      <Extensions>h;hh;hpp;hxx;h++;hm;inl;inc;ipp;xsd</Extensions>
    </Filter>
    <Filter Include="Resource Files">
      <UniqueIdentifier>{67DA6AB6-F800-4c08-8B7A-83BB121AAD01}</UniqueIdentifier>
      <Extensions>rc;ico;cur;bmp;dlg;rc2;rct;bin;rgs;gif;jpg;jpeg;jpe;resx;tiff;tif;png;wav;mfcribbon-ms</Extensions>
    </Filter>
    <Filter Include="Source Files\imgui">
      <UniqueIdentifier>{9e9bcd21-39fb-4c6d-a36a-922f6302c610}</UniqueIdentifier>
    </Filter>
    <Filter Include="Header Files\imigui">
      <UniqueIdentifier>{a9634b79-937a-4485-8e15-0aa4d2cd2a74}</UniqueIdentifier>
    </Filter>
  </ItemGroup>
  <ItemGroup>
    <ClCompile Include="..\ThirdParty\imgui\imgui.cpp">
      <Filter>Source Files\imgui</Filter>
    </ClCompile>
    <ClCompile Include="..\ThirdParty\imgui\imgui_demo.cpp">
      <Filter>Source Files\imgui</Filter>
    </ClCompile>
    <ClCompile Include="..\ThirdParty\imgui\imgui_draw.cpp">
      <Filter>Source Files\imgui</Filter>
    </ClCompile>
    <ClCompile Include="..\ThirdParty\imgui\imgui_impl_glfw.cpp">
      <Filter>Source Files\imgui</Filter>
    </ClCompile>
    <ClCompile Include="..\ThirdParty\imgui\imgui_impl_opengl3.cpp">
      <Filter>Source Files\imgui</Filter>
    </ClCompile>
    <ClCompile Include="..\ThirdParty\imgui\imgui_tables.cpp">
      <Filter>Source Files\imgui</Filter>
    </ClCompile>
    <ClCompile Include="..\ThirdParty\imgui\imgui_widgets.cpp">
      <Filter>Source Files\imgui</Filter>
    </ClCompile>
    <ClCompile Include="..\Common\Mesh.cpp">
      <Filter>Source Files</Filter>
    </ClCompile>
    <ClCompile Include="..\Common\OBJReader.cpp">
      <Filter>Source Files</Filter>
    </ClCompile>
    <ClCompile Include="..\Common\Scene.cpp">
      <Filter>Source Files</Filter>
    </ClCompile>
    <ClCompile Include="..\Common\shader.cpp">
      <Filter>Source Files</Filter>
    </ClCompile>
    <ClCompile Include="..\Assignment_2\Camera.cpp">
      <Filter>Source Files</Filter>
    </ClCompile>
    <ClCompile Include="..\Assignment_2\CS300_Project_Scene.cpp">
      <Filter>Source Files</Filter>
    </ClCompile>
    <ClCompile Include="..\Assignment_2\GLApplication.cpp">
      <Filter>Source Files</Filter>
    </ClCompile>
    <ClCompile Include="..\Assignment_2\ImGuiManager.cpp">
      <Filter>Source Files</Filter>
    </ClCompile>
    <ClCompile Include="..\Assignment_2\Light.cpp">
      <Filter>Source Files</Filter>
    </ClCompile>
    <ClCompile Include="..\Assignment_2\ObjectManager.cpp">
      <Filter>Source Files</Filter>
    </ClCompile>
    <ClCompile Include="..\Assignment_2\Projection.cpp">
      <Filter>Source Files</Filter>
    </ClCompile>
    <ClCompile Include="..\Assignment_2\VAOManager.cpp">
      <Filter>Source Files</Filter>
    </ClCompile>
    <ClCompile Include="..\Assignment_2\VBOManager.cpp">
      <Filter>Source Files</Filter>
    </ClCompile>
  </ItemGroup>
  <ItemGroup>
    <ClInclude Include="..\ThirdParty\imgui\imconfig.h">
      <Filter>Header Files\imigui</Filter>
    </ClInclude>
    <ClInclude Include="..\ThirdParty\imgui\imgui.h">
      <Filter>Header Files\imigui</Filter>
    </ClInclude>
    <ClInclude Include="..\ThirdParty\imgui\imgui_impl_glfw.h">
      <Filter>Header Files\imigui</Filter>
    </ClInclude>
    <ClInclude Include="..\ThirdParty\imgui\imgui_impl_opengl3.h">
      <Filter>Header Files\imigui</Filter>
    </ClInclude>
    <ClInclude Include="..\ThirdParty\imgui\imgui_internal.h">
      <Filter>Header Files\imigui</Filter>
    </ClInclude>
    <ClInclude Include="..\ThirdParty\imgui\imstb_rectpack.h">
      <Filter>Header Files\imigui</Filter>
    </ClInclude>
    <ClInclude Include="..\ThirdParty\imgui\imstb_textedit.h">
      <Filter>Header Files\imigui</Filter>
    </ClInclude>
    <ClInclude Include="..\ThirdParty\imgui\imstb_truetype.h">
      <Filter>Header Files\imigui</Filter>
    </ClInclude>
    <ClInclude Include="..\ThirdParty\imgui\imgui_impl_opengl3_loader.h">
      <Filter>Header Files\imigui</Filter>
    </ClInclude>
    <ClInclude Include="..\Common\Mesh.h">
      <Filter>Source Files</Filter>
    </ClInclude>
    <ClInclude Include="..\Common\OBJReader.h">
      <Filter>Source Files</Filter>
    </ClInclude>
    <ClInclude Include="..\Common\Scene.h">
      <Filter>Source Files</Filter>
    </ClInclude>
    <ClInclude Include="..\Common\shader.hpp">
      <Filter>Source Files</Filter>
    </ClInclude>
    <ClInclude Include="..\Assignment_2\Camera.h">
      <Filter>Source Files</Filter>
    </ClInclude>
    <ClInclude Include="..\Assignment_2\CS300_Project_Scene.hpp">
      <Filter>Source Files</Filter>
    </ClInclude>
    <ClInclude Include="..\Assignment_2\ImGuiManager.hpp">
      <Filter>Source Files</Filter>
    </ClInclude>
    <ClInclude Include="..\Assignment_2\Light.h">
      <Filter>Source Files</Filter>
    </ClInclude>
    <ClInclude Include="..\Assignment_2\ObjectManager.h">
      <Filter>Source Files</Filter>
    </ClInclude>
    <ClInclude Include="..\Assignment_2\ObjectTypeEnum.h">
      <Filter>Source Files</Filter>
    </ClInclude>
    <ClInclude Include="..\Assignment_2\Projection.h">
      <Filter>Source Files</Filter>
    </ClInclude>
    <ClInclude Include="..\Assignment_2\VAOManager.h">
      <Filter>Source Files</Filter>
    </ClInclude>
    <ClInclude Include="..\Assignment_2\VBOManager.h">
      <Filter>Source Files</Filter>
    </ClInclude>
  </ItemGroup>
</Project>